
Microsoft Visual Studio Solution File, Format Version 12.00
# Visual Studio Version 17
VisualStudioVersion = 17.10.35013.160
MinimumVisualStudioVersion = 10.0.40219.1
Project("{FAE04EC0-301F-11D3-BF4B-00C04F79EFBC}") = "Excel2Json", "Excel2Json.csproj", "{32B8DFFA-B3E9-4D5B-9C00-AEEB5DCBEEFA}"
EndProject
Global
	GlobalSection(SolutionConfigurationPlatforms) = preSolution
		Debug|Any CPU = Debug|Any CPU
		Release|Any CPU = Release|Any CPU
	EndGlobalSection
	GlobalSection(ProjectConfigurationPlatforms) = postSolution
		{32B8DFFA-B3E9-4D5B-9C00-AEEB5DCBEEFA}.Debug|Any CPU.ActiveCfg = Debug|Any CPU
		{32B8DFFA-B3E9-4D5B-9C00-AEEB5DCBEEFA}.Debug|Any CPU.Build.0 = Debug|Any CPU
		{32B8DFFA-B3E9-4D5B-9C00-AEEB5DCBEEFA}.Release|Any CPU.ActiveCfg = Release|Any CPU
		{32B8DFFA-B3E9-4D5B-9C00-AEEB5DCBEEFA}.Release|Any CPU.Build.0 = Release|Any CPU
	EndGlobalSection
	GlobalSection(SolutionProperties) = preSolution
		HideSolutionNode = FALSE
	EndGlobalSection
	GlobalSection(ExtensibilityGlobals) = postSolution
		SolutionGuid = {275BF4FA-84C6-49C2-8938-4E2DE93E764F}
	EndGlobalSection
EndGlobal
